<?xml version="1.0" encoding="utf-8"?>
<Project ToolsVersion="4.0" xmlns="http://schemas.microsoft.com/developer/msbuild/2003">
  <ItemGroup>
    <Filter Include="Source Files">
      <UniqueIdentifier>{4FC737F1-C7A5-4376-A066-2A32D752A2FF}</UniqueIdentifier>
      <Extensions>cpp;c;cc;cxx;def;odl;idl;hpj;bat;asm;asmx</Extensions>
    </Filter>
    <Filter Include="Resource Files">
      <UniqueIdentifier>{67DA6AB6-F800-4c08-8B7A-83BB121AAD01}</UniqueIdentifier>
      <Extensions>rc;ico;cur;bmp;dlg;rc2;rct;bin;rgs;gif;jpg;jpeg;jpe;resx;tiff;tif;png;wav;mfcribbon-ms</Extensions>
    </Filter>
    <Filter Include="Components">
      <UniqueIdentifier>{a21b668b-99f8-410b-991b-75b3c9d30bd5}</UniqueIdentifier>
    </Filter>
    <Filter Include="Objects">
      <UniqueIdentifier>{7309fb6f-0fb8-4cc6-ac5b-9c4f5cc9b9c2}</UniqueIdentifier>
    </Filter>
    <Filter Include="Galaga">
      <UniqueIdentifier>{53f51223-d8e5-41f7-b403-cb6302359469}</UniqueIdentifier>
    </Filter>
    <Filter Include="Galaga\Components">
      <UniqueIdentifier>{a542a58e-3a9a-45ce-90f5-cbbf665cbf8b}</UniqueIdentifier>
    </Filter>
    <Filter Include="Galaga\Objects">
      <UniqueIdentifier>{20d4d8d0-10a9-46f5-81e2-0948210e72ce}</UniqueIdentifier>
    </Filter>
    <Filter Include="Galaga\Sources">
      <UniqueIdentifier>{c769c33d-3fe2-4280-b083-5d14cadcfe09}</UniqueIdentifier>
    </Filter>
  </ItemGroup>
  <ItemGroup>
    <ClCompile Include="main.cpp">
      <Filter>Source Files</Filter>
    </ClCompile>
    <ClCompile Include="shipControllerComponent.cpp">
      <Filter>Galaga\Components</Filter>
    </ClCompile>
    <ClCompile Include="enemy.cpp">
      <Filter>Galaga\Objects</Filter>
    </ClCompile>
    <ClCompile Include="explosion.cpp">
      <Filter>Galaga\Objects</Filter>
    </ClCompile>
    <ClCompile Include="formation.cpp">
      <Filter>Galaga\Objects</Filter>
    </ClCompile>
    <ClCompile Include="missile.cpp">
      <Filter>Galaga\Objects</Filter>
    </ClCompile>
    <ClCompile Include="ship.cpp">
      <Filter>Galaga\Objects</Filter>
    </ClCompile>
    <ClCompile Include="GalagaGame.cpp">
      <Filter>Galaga\Sources</Filter>
    </ClCompile>
    <ClCompile Include="game.cpp">
      <Filter>Source Files</Filter>
    </ClCompile>
    <ClCompile Include="GalagaStates.cpp">
      <Filter>Galaga\Sources</Filter>
    </ClCompile>
    <ClCompile Include="states.cpp">
      <Filter>Source Files</Filter>
    </ClCompile>
    <ClCompile Include="dragon.cpp">
      <Filter>Objects</Filter>
    </ClCompile>
    <ClCompile Include="Hero.cpp">
      <Filter>Objects</Filter>
    </ClCompile>
    <ClCompile Include="HeroControllerComponent.cpp">
      <Filter>Components</Filter>
    </ClCompile>
    <ClCompile Include="item.cpp">
      <Filter>Objects</Filter>
    </ClCompile>
    <ClCompile Include="door.cpp">
      <Filter>Objects</Filter>
    </ClCompile>
  </ItemGroup>
  <ItemGroup>
    <ClInclude Include="shipControllerComponent.h">
      <Filter>Galaga\Components</Filter>
    </ClInclude>
    <ClInclude Include="enemy.h">
      <Filter>Galaga\Objects</Filter>
    </ClInclude>
    <ClInclude Include="explosion.h">
      <Filter>Galaga\Objects</Filter>
    </ClInclude>
    <ClInclude Include="formation.h">
      <Filter>Galaga\Objects</Filter>
    </ClInclude>
    <ClInclude Include="missile.h">
      <Filter>Galaga\Objects</Filter>
    </ClInclude>
    <ClInclude Include="ship.h">
      <Filter>Galaga\Objects</Filter>
    </ClInclude>
    <ClInclude Include="GalagaGame.h">
      <Filter>Galaga\Sources</Filter>
    </ClInclude>
    <ClInclude Include="game.h">
      <Filter>Source Files</Filter>
    </ClInclude>
    <ClInclude Include="GalagaStates.h">
      <Filter>Galaga\Sources</Filter>
    </ClInclude>
    <ClInclude Include="states.h">
      <Filter>Source Files</Filter>
    </ClInclude>
    <ClInclude Include="dragon.h">
      <Filter>Objects</Filter>
    </ClInclude>
    <ClInclude Include="hero.h">
      <Filter>Objects</Filter>
    </ClInclude>
    <ClInclude Include="HeroControllerComponent.h">
      <Filter>Components</Filter>
    </ClInclude>
    <ClInclude Include="item.h">
      <Filter>Objects</Filter>
    </ClInclude>
    <ClInclude Include="door.h">
      <Filter>Objects</Filter>
    </ClInclude>
  </ItemGroup>
</Project>